<?xml version="1.0" encoding="utf-8"?>
<Project ToolsVersion="4.0" xmlns="http://schemas.microsoft.com/developer/msbuild/2003">
  <ItemGroup>
    <Filter Include="Source Files">
      <UniqueIdentifier>{4FC737F1-C7A5-4376-A066-2A32D752A2FF}</UniqueIdentifier>
      <Extensions>cpp;c;cc;cxx;c++;cppm;ixx;def;odl;idl;hpj;bat;asm;asmx</Extensions>
    </Filter>
    <Filter Include="Header Files">
      <UniqueIdentifier>{93995380-89BD-4b04-88EB-625FBE52EBFB}</UniqueIdentifier>
      <Extensions>h;hh;hpp;hxx;h++;hm;inl;inc;ipp;xsd</Extensions>
    </Filter>
    <Filter Include="Resource Files">
      <UniqueIdentifier>{67DA6AB6-F800-4c08-8B7A-83BB121AAD01}</UniqueIdentifier>
      <Extensions>rc;ico;cur;bmp;dlg;rc2;rct;bin;rgs;gif;jpg;jpeg;jpe;resx;tiff;tif;png;wav;mfcribbon-ms</Extensions>
    </Filter>
    <Filter Include="Resource Files\Shaders">
      <UniqueIdentifier>{7e750762-f16c-4b6d-84a2-b5c5a0dbd10f}</UniqueIdentifier>
    </Filter>
  </ItemGroup>
  <ItemGroup>
    <ClCompile Include="glad.c">
      <Filter>Source Files</Filter>
    </ClCompile>
    <ClCompile Include="main.cpp">
      <Filter>Source Files</Filter>
    </ClCompile>
    <ClCompile Include="stb.cpp">
      <Filter>Source Files</Filter>
    </ClCompile>
  </ItemGroup>
  <ItemGroup>
    <ClInclude Include="Headers\camera.h">
      <Filter>Header Files</Filter>
    </ClInclude>
    <ClInclude Include="Headers\model.h">
      <Filter>Header Files</Filter>
    </ClInclude>
    <ClInclude Include="Headers\shader.h">
      <Filter>Header Files</Filter>
    </ClInclude>
    <ClInclude Include="Headers\utils.h">
      <Filter>Header Files</Filter>
    </ClInclude>
    <ClInclude Include="Headers\mesh.h">
      <Filter>Header Files</Filter>
    </ClInclude>
  </ItemGroup>
  <ItemGroup>
    <None Include="Shaders\equirectangular_to_cubemap.fs">
      <Filter>Resource Files\Shaders</Filter>
    </None>
    <None Include="Shaders\eye.fs">
      <Filter>Resource Files\Shaders</Filter>
    </None>
    <None Include="Shaders\irradiance_convolution.fs">
      <Filter>Resource Files\Shaders</Filter>
    </None>
    <None Include="Shaders\lens.fs">
      <Filter>Resource Files\Shaders</Filter>
    </None>
    <None Include="Shaders\lens.vs">
      <Filter>Resource Files\Shaders</Filter>
    </None>
    <None Include="Shaders\pbr.fs">
      <Filter>Resource Files\Shaders</Filter>
    </None>
    <None Include="Shaders\pbr.vs">
      <Filter>Resource Files\Shaders</Filter>
    </None>
    <None Include="Shaders\prefilter.fs">
      <Filter>Resource Files\Shaders</Filter>
    </None>
    <None Include="Shaders\background.fs">
      <Filter>Resource Files\Shaders</Filter>
    </None>
    <None Include="Shaders\background.vs">
      <Filter>Resource Files\Shaders</Filter>
    </None>
    <None Include="Shaders\brdf.fs">
      <Filter>Resource Files\Shaders</Filter>
    </None>
    <None Include="Shaders\brdf.vs">
      <Filter>Resource Files\Shaders</Filter>
    </None>
    <None Include="Shaders\cubemap.vs">
      <Filter>Resource Files\Shaders</Filter>
    </None>
  </ItemGroup>
</Project>